
Microsoft Visual Studio Solution File, Format Version 12.00
# Visual Studio Version 17
VisualStudioVersion = 17.14.36804.6 d17.14
MinimumVisualStudioVersion = 10.0.40219.1
Project("{888888A0-9F3D-457C-B088-3A5042F75D52}") = "numpy_explorer.py", "numpy_explorer.py.pyproj", "{FE54CA8A-23C0-4118-AADE-A66CB50F8191}"
EndProject
Global
	GlobalSection(SolutionConfigurationPlatforms) = preSolution
		Debug|Any CPU = Debug|Any CPU
		Release|Any CPU = Release|Any CPU
	EndGlobalSection
	GlobalSection(ProjectConfigurationPlatforms) = postSolution
		{FE54CA8A-23C0-4118-AADE-A66CB50F8191}.Debug|Any CPU.ActiveCfg = Debug|Any CPU
		{FE54CA8A-23C0-4118-AADE-A66CB50F8191}.Release|Any CPU.ActiveCfg = Release|Any CPU
	EndGlobalSection
	GlobalSection(SolutionProperties) = preSolution
		HideSolutionNode = FALSE
	EndGlobalSection
	GlobalSection(ExtensibilityGlobals) = postSolution
		SolutionGuid = {1355D64C-09E0-4DB3-99D6-EE58256AFE60}
	EndGlobalSection
EndGlobal
